
Microsoft Visual Studio Solution File, Format Version 12.00
# Visual Studio Version 17
VisualStudioVersion = 17.5.33530.505
MinimumVisualStudioVersion = 10.0.40219.1
Project("{FAE04EC0-301F-11D3-BF4B-00C04F79EFBC}") = "week9", "week9\week9.csproj", "{0CF491E1-1D7E-4232-853C-82CF1FF638DA}"
EndProject
Global
	GlobalSection(SolutionConfigurationPlatforms) = preSolution
		Debug|Any CPU = Debug|Any CPU
		Release|Any CPU = Release|Any CPU
	EndGlobalSection
	GlobalSection(ProjectConfigurationPlatforms) = postSolution
		{0CF491E1-1D7E-4232-853C-82CF1FF638DA}.Debug|Any CPU.ActiveCfg = Debug|Any CPU
		{0CF491E1-1D7E-4232-853C-82CF1FF638DA}.Debug|Any CPU.Build.0 = Debug|Any CPU
		{0CF491E1-1D7E-4232-853C-82CF1FF638DA}.Release|Any CPU.ActiveCfg = Release|Any CPU
		{0CF491E1-1D7E-4232-853C-82CF1FF638DA}.Release|Any CPU.Build.0 = Release|Any CPU
	EndGlobalSection
	GlobalSection(SolutionProperties) = preSolution
		HideSolutionNode = FALSE
	EndGlobalSection
	GlobalSection(ExtensibilityGlobals) = postSolution
		SolutionGuid = {D478D6E8-03F6-4928-A055-DBCBDD37C80C}
	EndGlobalSection
EndGlobal
